
Microsoft Visual Studio Solution File, Format Version 12.00
# Visual Studio Version 16
VisualStudioVersion = 16.0.32228.343
MinimumVisualStudioVersion = 10.0.40219.1
Project("{FAE04EC0-301F-11D3-BF4B-00C04F79EFBC}") = "Labb4Avanc.Models", "Labb4Avanc.Models\Labb4Avanc.Models.csproj", "{05C255C7-D7F5-445B-B2B7-287310B99ED6}"
EndProject
Project("{FAE04EC0-301F-11D3-BF4B-00C04F79EFBC}") = "Labb4AvancAPI", "Labb4AvancAPI\Labb4AvancAPI.csproj", "{9530A2D6-92E6-42AE-9C74-FB379883ECA8}"
EndProject
Global
	GlobalSection(SolutionConfigurationPlatforms) = preSolution
		Debug|Any CPU = Debug|Any CPU
		Release|Any CPU = Release|Any CPU
	EndGlobalSection
	GlobalSection(ProjectConfigurationPlatforms) = postSolution
		{05C255C7-D7F5-445B-B2B7-287310B99ED6}.Debug|Any CPU.ActiveCfg = Debug|Any CPU
		{05C255C7-D7F5-445B-B2B7-287310B99ED6}.Debug|Any CPU.Build.0 = Debug|Any CPU
		{05C255C7-D7F5-445B-B2B7-287310B99ED6}.Release|Any CPU.ActiveCfg = Release|Any CPU
		{05C255C7-D7F5-445B-B2B7-287310B99ED6}.Release|Any CPU.Build.0 = Release|Any CPU
		{9530A2D6-92E6-42AE-9C74-FB379883ECA8}.Debug|Any CPU.ActiveCfg = Debug|Any CPU
		{9530A2D6-92E6-42AE-9C74-FB379883ECA8}.Debug|Any CPU.Build.0 = Debug|Any CPU
		{9530A2D6-92E6-42AE-9C74-FB379883ECA8}.Release|Any CPU.ActiveCfg = Release|Any CPU
		{9530A2D6-92E6-42AE-9C74-FB379883ECA8}.Release|Any CPU.Build.0 = Release|Any CPU
	EndGlobalSection
	GlobalSection(SolutionProperties) = preSolution
		HideSolutionNode = FALSE
	EndGlobalSection
	GlobalSection(ExtensibilityGlobals) = postSolution
		SolutionGuid = {3A580BDD-21F9-4419-9E59-0A545D120224}
	EndGlobalSection
EndGlobal
